
Microsoft Visual Studio Solution File, Format Version 12.00
# Visual Studio Version 17
VisualStudioVersion = 17.0.31903.59
MinimumVisualStudioVersion = 10.0.40219.1
Project("{2150E333-8FDC-42A3-9474-1A3956D46DE8}") = "src", "src", "{C11960C4-C2DC-47B3-AB81-355EF8243BB7}"
EndProject
Project("{2150E333-8FDC-42A3-9474-1A3956D46DE8}") = "Modules", "Modules", "{7895636D-34CF-46E2-A84B-60AA6F201DAA}"
EndProject
Project("{2150E333-8FDC-42A3-9474-1A3956D46DE8}") = "Cadastro", "Cadastro", "{D3325AE6-6BC7-4468-9A7C-85A8BD879BE1}"
EndProject
Project("{9A19103F-16F7-4668-BE54-9A1E7A4F7556}") = "Cadastro.Domain", "src\Modules\Cadastro\Cadastro.Domain\Cadastro.Domain.csproj", "{68712A5F-A65B-4262-99EF-2523426FD046}"
EndProject
Project("{9A19103F-16F7-4668-BE54-9A1E7A4F7556}") = "Cadastro.Infrastructure", "src\Modules\Cadastro\Cadastro.Infrastructure\Cadastro.Infrastructure.csproj", "{953AE435-7B82-4FC4-A345-E2D5952EA6C5}"
EndProject
Project("{9A19103F-16F7-4668-BE54-9A1E7A4F7556}") = "Cadastro.Application", "src\Modules\Cadastro\Cadastro.Application\Cadastro.Application.csproj", "{F0877E7F-1E32-4BE9-B522-2E45594267EC}"
EndProject
Project("{9A19103F-16F7-4668-BE54-9A1E7A4F7556}") = "Cadastro.API", "src\Cadastro.API\Cadastro.API.csproj", "{35154CBA-4E43-4FFD-9145-DF67642A424A}"
EndProject
Project("{2150E333-8FDC-42A3-9474-1A3956D46DE8}") = "Tests", "Tests", "{E5403ABF-B952-41BB-B20B-CA3E0F2C76BB}"
EndProject
Project("{2150E333-8FDC-42A3-9474-1A3956D46DE8}") = "Cadastro", "Cadastro", "{D84742CA-55E8-4B3B-9FD0-6C059C4553D1}"
EndProject
Project("{2150E333-8FDC-42A3-9474-1A3956D46DE8}") = "Common", "Common", "{0EF4A399-8FDE-40FE-95AB-84262C5089C5}"
EndProject
Project("{9A19103F-16F7-4668-BE54-9A1E7A4F7556}") = "Common", "src\Modules\Common\Common\Common.csproj", "{844E49D3-C598-49A9-8AD4-E2FFE674BBE0}"
EndProject
Project("{FAE04EC0-301F-11D3-BF4B-00C04F79EFBC}") = "Cadastro.Test.Unit", "Cadastro.Test.Unit\Cadastro.Test.Unit.csproj", "{521D65B8-26EF-44F0-941E-2337DF30B325}"
EndProject
Global
	GlobalSection(SolutionConfigurationPlatforms) = preSolution
		Debug|Any CPU = Debug|Any CPU
		Release|Any CPU = Release|Any CPU
	EndGlobalSection
	GlobalSection(ProjectConfigurationPlatforms) = postSolution
		{68712A5F-A65B-4262-99EF-2523426FD046}.Debug|Any CPU.ActiveCfg = Debug|Any CPU
		{68712A5F-A65B-4262-99EF-2523426FD046}.Debug|Any CPU.Build.0 = Debug|Any CPU
		{68712A5F-A65B-4262-99EF-2523426FD046}.Release|Any CPU.ActiveCfg = Release|Any CPU
		{68712A5F-A65B-4262-99EF-2523426FD046}.Release|Any CPU.Build.0 = Release|Any CPU
		{953AE435-7B82-4FC4-A345-E2D5952EA6C5}.Debug|Any CPU.ActiveCfg = Debug|Any CPU
		{953AE435-7B82-4FC4-A345-E2D5952EA6C5}.Debug|Any CPU.Build.0 = Debug|Any CPU
		{953AE435-7B82-4FC4-A345-E2D5952EA6C5}.Release|Any CPU.ActiveCfg = Release|Any CPU
		{953AE435-7B82-4FC4-A345-E2D5952EA6C5}.Release|Any CPU.Build.0 = Release|Any CPU
		{F0877E7F-1E32-4BE9-B522-2E45594267EC}.Debug|Any CPU.ActiveCfg = Debug|Any CPU
		{F0877E7F-1E32-4BE9-B522-2E45594267EC}.Debug|Any CPU.Build.0 = Debug|Any CPU
		{F0877E7F-1E32-4BE9-B522-2E45594267EC}.Release|Any CPU.ActiveCfg = Release|Any CPU
		{F0877E7F-1E32-4BE9-B522-2E45594267EC}.Release|Any CPU.Build.0 = Release|Any CPU
		{35154CBA-4E43-4FFD-9145-DF67642A424A}.Debug|Any CPU.ActiveCfg = Debug|Any CPU
		{35154CBA-4E43-4FFD-9145-DF67642A424A}.Debug|Any CPU.Build.0 = Debug|Any CPU
		{35154CBA-4E43-4FFD-9145-DF67642A424A}.Release|Any CPU.ActiveCfg = Release|Any CPU
		{35154CBA-4E43-4FFD-9145-DF67642A424A}.Release|Any CPU.Build.0 = Release|Any CPU
		{844E49D3-C598-49A9-8AD4-E2FFE674BBE0}.Debug|Any CPU.ActiveCfg = Debug|Any CPU
		{844E49D3-C598-49A9-8AD4-E2FFE674BBE0}.Debug|Any CPU.Build.0 = Debug|Any CPU
		{844E49D3-C598-49A9-8AD4-E2FFE674BBE0}.Release|Any CPU.ActiveCfg = Release|Any CPU
		{844E49D3-C598-49A9-8AD4-E2FFE674BBE0}.Release|Any CPU.Build.0 = Release|Any CPU
		{521D65B8-26EF-44F0-941E-2337DF30B325}.Debug|Any CPU.ActiveCfg = Debug|Any CPU
		{521D65B8-26EF-44F0-941E-2337DF30B325}.Debug|Any CPU.Build.0 = Debug|Any CPU
		{521D65B8-26EF-44F0-941E-2337DF30B325}.Release|Any CPU.ActiveCfg = Release|Any CPU
		{521D65B8-26EF-44F0-941E-2337DF30B325}.Release|Any CPU.Build.0 = Release|Any CPU
	EndGlobalSection
	GlobalSection(SolutionProperties) = preSolution
		HideSolutionNode = FALSE
	EndGlobalSection
	GlobalSection(NestedProjects) = preSolution
		{7895636D-34CF-46E2-A84B-60AA6F201DAA} = {C11960C4-C2DC-47B3-AB81-355EF8243BB7}
		{D3325AE6-6BC7-4468-9A7C-85A8BD879BE1} = {7895636D-34CF-46E2-A84B-60AA6F201DAA}
		{68712A5F-A65B-4262-99EF-2523426FD046} = {D3325AE6-6BC7-4468-9A7C-85A8BD879BE1}
		{953AE435-7B82-4FC4-A345-E2D5952EA6C5} = {D3325AE6-6BC7-4468-9A7C-85A8BD879BE1}
		{F0877E7F-1E32-4BE9-B522-2E45594267EC} = {D3325AE6-6BC7-4468-9A7C-85A8BD879BE1}
		{35154CBA-4E43-4FFD-9145-DF67642A424A} = {C11960C4-C2DC-47B3-AB81-355EF8243BB7}
		{E5403ABF-B952-41BB-B20B-CA3E0F2C76BB} = {C11960C4-C2DC-47B3-AB81-355EF8243BB7}
		{D84742CA-55E8-4B3B-9FD0-6C059C4553D1} = {E5403ABF-B952-41BB-B20B-CA3E0F2C76BB}
		{0EF4A399-8FDE-40FE-95AB-84262C5089C5} = {7895636D-34CF-46E2-A84B-60AA6F201DAA}
		{844E49D3-C598-49A9-8AD4-E2FFE674BBE0} = {0EF4A399-8FDE-40FE-95AB-84262C5089C5}
		{521D65B8-26EF-44F0-941E-2337DF30B325} = {D84742CA-55E8-4B3B-9FD0-6C059C4553D1}
	EndGlobalSection
	GlobalSection(ExtensibilityGlobals) = postSolution
		SolutionGuid = {B11AC559-DB56-4D23-A08A-BE41162C2941}
	EndGlobalSection
EndGlobal
